
Microsoft Visual Studio Solution File, Format Version 12.00
# Visual Studio 15
Project("{FAE04EC0-301F-11D3-BF4B-00C04F79EFBC}") = "VendingMachine", "VendingMachine\VendingMachine.csproj", "{C7DF1965-A841-4C98-9FE2-261858AD544B}"
EndProject
Global
	GlobalSection(SolutionConfigurationPlatforms) = preSolution
		Debug|anycpu = Debug|anycpu
		Release|anycpu = Release|anycpu
	EndGlobalSection
	GlobalSection(ProjectConfigurationPlatforms) = postSolution
		{C7DF1965-A841-4C98-9FE2-261858AD544B}.Debug|anycpu.ActiveCfg = Debug|anycpu
		{C7DF1965-A841-4C98-9FE2-261858AD544B}.Debug|anycpu.Build.0 = Debug|anycpu
		{C7DF1965-A841-4C98-9FE2-261858AD544B}.Release|anycpu.ActiveCfg = Release|anycpu
		{C7DF1965-A841-4C98-9FE2-261858AD544B}.Release|anycpu.Build.0 = Release|anycpu
	EndGlobalSection
EndGlobal
